
Microsoft Visual Studio Solution File, Format Version 12.00
# Visual Studio Version 17
VisualStudioVersion = 17.9.34728.123
MinimumVisualStudioVersion = 10.0.40219.1
Project("{8BC9CEB8-8B4A-11D0-8D11-00A0C91BC942}") = "VentanaRecetas", "VentanaRecetas\VentanaRecetas.vcxproj", "{505E03B0-25DE-4290-B151-4E8908523D5C}"
EndProject
Project("{8BC9CEB8-8B4A-11D0-8D11-00A0C91BC942}") = "RecetasClass", "RecetasClass\RecetasClass.vcxproj", "{220E31AC-DF61-4985-A120-9641CC4ADFA3}"
EndProject
Global
	GlobalSection(SolutionConfigurationPlatforms) = preSolution
		Debug|x64 = Debug|x64
		Debug|x86 = Debug|x86
		Release|x64 = Release|x64
		Release|x86 = Release|x86
	EndGlobalSection
	GlobalSection(ProjectConfigurationPlatforms) = postSolution
		{505E03B0-25DE-4290-B151-4E8908523D5C}.Debug|x64.ActiveCfg = Debug|x64
		{505E03B0-25DE-4290-B151-4E8908523D5C}.Debug|x64.Build.0 = Debug|x64
		{505E03B0-25DE-4290-B151-4E8908523D5C}.Debug|x86.ActiveCfg = Debug|Win32
		{505E03B0-25DE-4290-B151-4E8908523D5C}.Debug|x86.Build.0 = Debug|Win32
		{505E03B0-25DE-4290-B151-4E8908523D5C}.Release|x64.ActiveCfg = Release|x64
		{505E03B0-25DE-4290-B151-4E8908523D5C}.Release|x64.Build.0 = Release|x64
		{505E03B0-25DE-4290-B151-4E8908523D5C}.Release|x86.ActiveCfg = Release|Win32
		{505E03B0-25DE-4290-B151-4E8908523D5C}.Release|x86.Build.0 = Release|Win32
		{220E31AC-DF61-4985-A120-9641CC4ADFA3}.Debug|x64.ActiveCfg = Debug|x64
		{220E31AC-DF61-4985-A120-9641CC4ADFA3}.Debug|x64.Build.0 = Debug|x64
		{220E31AC-DF61-4985-A120-9641CC4ADFA3}.Debug|x86.ActiveCfg = Debug|Win32
		{220E31AC-DF61-4985-A120-9641CC4ADFA3}.Debug|x86.Build.0 = Debug|Win32
		{220E31AC-DF61-4985-A120-9641CC4ADFA3}.Release|x64.ActiveCfg = Release|x64
		{220E31AC-DF61-4985-A120-9641CC4ADFA3}.Release|x64.Build.0 = Release|x64
		{220E31AC-DF61-4985-A120-9641CC4ADFA3}.Release|x86.ActiveCfg = Release|Win32
		{220E31AC-DF61-4985-A120-9641CC4ADFA3}.Release|x86.Build.0 = Release|Win32
	EndGlobalSection
	GlobalSection(SolutionProperties) = preSolution
		HideSolutionNode = FALSE
	EndGlobalSection
	GlobalSection(ExtensibilityGlobals) = postSolution
		SolutionGuid = {ADBDC9A9-4282-4D73-821B-EC5A6AEBE633}
	EndGlobalSection
EndGlobal
